
Microsoft Visual Studio Solution File, Format Version 12.00
# Visual Studio Version 16
VisualStudioVersion = 16.0.30225.117
MinimumVisualStudioVersion = 10.0.40219.1
Project("{FAE04EC0-301F-11D3-BF4B-00C04F79EFBC}") = "PDFGenerator", "PDFGenerator\PDFGenerator.csproj", "{BD281B95-7106-4D48-B587-A12900DBB479}"
EndProject
Global
	GlobalSection(SolutionConfigurationPlatforms) = preSolution
		Debug|Any CPU = Debug|Any CPU
		Release|Any CPU = Release|Any CPU
	EndGlobalSection
	GlobalSection(ProjectConfigurationPlatforms) = postSolution
		{BD281B95-7106-4D48-B587-A12900DBB479}.Debug|Any CPU.ActiveCfg = Debug|Any CPU
		{BD281B95-7106-4D48-B587-A12900DBB479}.Debug|Any CPU.Build.0 = Debug|Any CPU
		{BD281B95-7106-4D48-B587-A12900DBB479}.Release|Any CPU.ActiveCfg = Release|Any CPU
		{BD281B95-7106-4D48-B587-A12900DBB479}.Release|Any CPU.Build.0 = Release|Any CPU
	EndGlobalSection
	GlobalSection(SolutionProperties) = preSolution
		HideSolutionNode = FALSE
	EndGlobalSection
	GlobalSection(ExtensibilityGlobals) = postSolution
		SolutionGuid = {890A0573-AF60-4C62-B81C-86CE17E1ABE7}
	EndGlobalSection
EndGlobal
